
Microsoft Visual Studio Solution File, Format Version 12.00
# Visual Studio Version 17
VisualStudioVersion = 17.5.33516.290
MinimumVisualStudioVersion = 10.0.40219.1
Project("{FAE04EC0-301F-11D3-BF4B-00C04F79EFBC}") = "MagicVilla_API", "MagicVilla_API\MagicVilla_API.csproj", "{CE2C774D-EF4F-4254-BCD8-F27DAEE5E75B}"
EndProject
Global
	GlobalSection(SolutionConfigurationPlatforms) = preSolution
		Debug|Any CPU = Debug|Any CPU
		Release|Any CPU = Release|Any CPU
	EndGlobalSection
	GlobalSection(ProjectConfigurationPlatforms) = postSolution
		{CE2C774D-EF4F-4254-BCD8-F27DAEE5E75B}.Debug|Any CPU.ActiveCfg = Debug|Any CPU
		{CE2C774D-EF4F-4254-BCD8-F27DAEE5E75B}.Debug|Any CPU.Build.0 = Debug|Any CPU
		{CE2C774D-EF4F-4254-BCD8-F27DAEE5E75B}.Release|Any CPU.ActiveCfg = Release|Any CPU
		{CE2C774D-EF4F-4254-BCD8-F27DAEE5E75B}.Release|Any CPU.Build.0 = Release|Any CPU
	EndGlobalSection
	GlobalSection(SolutionProperties) = preSolution
		HideSolutionNode = FALSE
	EndGlobalSection
	GlobalSection(ExtensibilityGlobals) = postSolution
		SolutionGuid = {0D036E17-CC1A-43EF-A710-011DDBD8258A}
	EndGlobalSection
EndGlobal
